{
  "sources": {
    "gitlabhq": {
      "path": "."
    },
    "phantomjs": {
      "locked_version": "1.0.2"
    },
    "build-essential": {
      "locked_version": "1.4.2"
    },
    "readline": {
      "locked_version": "0.0.3"
    },
    "xml": {
      "locked_version": "1.1.2"
    },
    "zlib": {
      "locked_version": "2.0.0"
    },
    "python": {
      "locked_version": "1.4.0"
    },
    "yum": {
      "locked_version": "2.3.2"
    },
    "redisio": {
      "locked_version": "1.7.0"
    },
    "ulimit": {
      "locked_version": "0.2.0"
    },
    "ruby_build": {
      "locked_version": "0.8.0"
    },
    "mysql": {
      "locked_version": "3.0.4"
    },
    "openssl": {
      "locked_version": "1.1.0"
    },
    "postgresql": {
      "locked_version": "3.0.4"
    },
    "apt": {
      "locked_version": "2.1.1"
    },
    "database": {
      "locked_version": "1.4.0"
    },
    "aws": {
      "locked_version": "0.101.4"
    },
    "xfs": {
      "locked_version": "1.1.0"
    },
    "backup": {
      "locked_version": "0.0.4"
    },
    "hostsfile": {
      "locked_version": "2.0.0"
    },
    "nginx": {
      "locked_version": "1.8.0"
    },
    "runit": {
      "locked_version": "1.2.0"
    },
    "ohai": {
      "locked_version": "1.1.12"
    },
    "git": {
      "locked_version": "2.6.0"
    },
    "dmg": {
      "locked_version": "2.0.0"
    },
    "windows": {
      "locked_version": "1.10.0"
    },
    "chef_handler": {
      "locked_version": "1.1.4"
    },
    "yumrepo": {
      "locked_version": "2.0.0"
    },
    "chocolatey": {
      "locked_version": "0.0.5"
    },
    "powershell": {
      "locked_version": "1.1.2"
    }
  }
}
