{
  "sources": {
    "gitlabhq": {
      "path": "."
    },
    "ulimit": {
      "locked_version": "0.2.0"
    },
    "sudo": {
      "locked_version": "2.1.4"
    },
    "rvm": {
      "locked_version": "0.9.1",
      "git": "git://github.com/fnichol/chef-rvm.git",
      "ref": "7038fb8c518d0d7785767de215b1ae463f237973"
    },
    "backup": {
      "locked_version": "0.0.4"
    },
    "build-essential": {
      "locked_version": "1.4.2"
    },
    "database": {
      "locked_version": "1.5.0"
    },
    "mysql": {
      "locked_version": "3.0.4"
    },
    "openssl": {
      "locked_version": "1.1.0"
    },
    "postgresql": {
      "locked_version": "3.0.4"
    },
    "apt": {
      "locked_version": "2.2.0"
    },
    "aws": {
      "locked_version": "0.101.6"
    },
    "xfs": {
      "locked_version": "1.1.0"
    },
    "hosts_file": {
      "locked_version": "0.1.4"
    },
    "nginx": {
      "locked_version": "1.8.0"
    },
    "yum": {
      "locked_version": "2.3.2"
    },
    "runit": {
      "locked_version": "1.2.0"
    },
    "ohai": {
      "locked_version": "1.1.12"
    },
    "python": {
      "locked_version": "1.4.0"
    },
    "readline": {
      "locked_version": "0.0.3"
    },
    "redisio": {
      "locked_version": "1.7.0"
    },
    "xml": {
      "locked_version": "1.1.2"
    },
    "zlib": {
      "locked_version": "2.0.0"
    },
    "java": {
      "locked_version": "1.13.0"
    },
    "windows": {
      "locked_version": "1.10.0"
    },
    "chef_handler": {
      "locked_version": "1.1.4"
    },
    "chef_gem": {
      "locked_version": "0.1.0"
    }
  }
}
